
Microsoft Visual Studio Solution File, Format Version 12.00
# Visual Studio 2012
Project("{FAE04EC0-301F-11D3-BF4B-00C04F79EFBC}") = "pngPalette", "pngPalette.csproj", "{AB33D901-EE60-4E3C-952A-29E9BFA4072F}"
EndProject
Global
	GlobalSection(SolutionConfigurationPlatforms) = preSolution
		Debug|Any CPU = Debug|Any CPU
		Release|Any CPU = Release|Any CPU
	EndGlobalSection
	GlobalSection(ProjectConfigurationPlatforms) = postSolution
		{AB33D901-EE60-4E3C-952A-29E9BFA4072F}.Debug|Any CPU.ActiveCfg = Debug|Any CPU
		{AB33D901-EE60-4E3C-952A-29E9BFA4072F}.Debug|Any CPU.Build.0 = Debug|Any CPU
		{AB33D901-EE60-4E3C-952A-29E9BFA4072F}.Release|Any CPU.ActiveCfg = Release|Any CPU
		{AB33D901-EE60-4E3C-952A-29E9BFA4072F}.Release|Any CPU.Build.0 = Release|Any CPU
	EndGlobalSection
	GlobalSection(SolutionProperties) = preSolution
		HideSolutionNode = FALSE
	EndGlobalSection
EndGlobal
